
Microsoft Visual Studio Solution File, Format Version 10.00
# Visual C++ Express 2008
Project("{8BC9CEB8-8B4A-11D0-8D11-00A0C91BC942}") = "simple_array", "simple_array.vcproj", "{96A9CC3E-0D80-4DFC-AB45-4A34023B7590}"
EndProject
Global
	GlobalSection(SolutionConfigurationPlatforms) = preSolution
		Debug|Win32 = Debug|Win32
		Release|Win32 = Release|Win32
	EndGlobalSection
	GlobalSection(ProjectConfigurationPlatforms) = postSolution
		{96A9CC3E-0D80-4DFC-AB45-4A34023B7590}.Debug|Win32.ActiveCfg = Debug|Win32
		{96A9CC3E-0D80-4DFC-AB45-4A34023B7590}.Debug|Win32.Build.0 = Debug|Win32
		{96A9CC3E-0D80-4DFC-AB45-4A34023B7590}.Release|Win32.ActiveCfg = Release|Win32
		{96A9CC3E-0D80-4DFC-AB45-4A34023B7590}.Release|Win32.Build.0 = Release|Win32
	EndGlobalSection
	GlobalSection(SolutionProperties) = preSolution
		HideSolutionNode = FALSE
	EndGlobalSection
EndGlobal
